
Microsoft Visual Studio Solution File, Format Version 12.00
# Visual Studio Version 16
VisualStudioVersion = 16.0.29521.150
MinimumVisualStudioVersion = 10.0.40219.1
Project("{FAE04EC0-301F-11D3-BF4B-00C04F79EFBC}") = "FILOApp", "FILOApp\FILOApp.csproj", "{660C92C0-E393-4F5C-8FA8-A0B0F1BEB186}"
EndProject
Project("{9A19103F-16F7-4668-BE54-9A1E7A4F7556}") = "FILO.Domain", "..\FILO.Domain\FILO.Domain.csproj", "{3777B290-EC07-40AC-B4F7-21B3B1DB3179}"
EndProject
Global
	GlobalSection(SolutionConfigurationPlatforms) = preSolution
		Debug|Any CPU = Debug|Any CPU
		Release|Any CPU = Release|Any CPU
	EndGlobalSection
	GlobalSection(ProjectConfigurationPlatforms) = postSolution
		{660C92C0-E393-4F5C-8FA8-A0B0F1BEB186}.Debug|Any CPU.ActiveCfg = Debug|Any CPU
		{660C92C0-E393-4F5C-8FA8-A0B0F1BEB186}.Debug|Any CPU.Build.0 = Debug|Any CPU
		{660C92C0-E393-4F5C-8FA8-A0B0F1BEB186}.Release|Any CPU.ActiveCfg = Release|Any CPU
		{660C92C0-E393-4F5C-8FA8-A0B0F1BEB186}.Release|Any CPU.Build.0 = Release|Any CPU
		{3777B290-EC07-40AC-B4F7-21B3B1DB3179}.Debug|Any CPU.ActiveCfg = Debug|Any CPU
		{3777B290-EC07-40AC-B4F7-21B3B1DB3179}.Debug|Any CPU.Build.0 = Debug|Any CPU
		{3777B290-EC07-40AC-B4F7-21B3B1DB3179}.Release|Any CPU.ActiveCfg = Release|Any CPU
		{3777B290-EC07-40AC-B4F7-21B3B1DB3179}.Release|Any CPU.Build.0 = Release|Any CPU
	EndGlobalSection
	GlobalSection(SolutionProperties) = preSolution
		HideSolutionNode = FALSE
	EndGlobalSection
	GlobalSection(ExtensibilityGlobals) = postSolution
		SolutionGuid = {E67EB069-50A8-4943-91E7-BD7C051C23A6}
	EndGlobalSection
EndGlobal
